
Microsoft Visual Studio Solution File, Format Version 12.00
# Visual Studio Version 17
VisualStudioVersion = 17.1.32414.318
MinimumVisualStudioVersion = 10.0.40219.1
Project("{8BC9CEB8-8B4A-11D0-8D11-00A0C91BC942}") = "exercise 1.2", "exercise 1.2\exercise 1.2.vcxproj", "{55858F82-54E9-409E-9DBF-49CE9EE6C149}"
EndProject
Global
	GlobalSection(SolutionConfigurationPlatforms) = preSolution
		Debug|x64 = Debug|x64
		Debug|x86 = Debug|x86
		Release|x64 = Release|x64
		Release|x86 = Release|x86
	EndGlobalSection
	GlobalSection(ProjectConfigurationPlatforms) = postSolution
		{55858F82-54E9-409E-9DBF-49CE9EE6C149}.Debug|x64.ActiveCfg = Debug|x64
		{55858F82-54E9-409E-9DBF-49CE9EE6C149}.Debug|x64.Build.0 = Debug|x64
		{55858F82-54E9-409E-9DBF-49CE9EE6C149}.Debug|x86.ActiveCfg = Debug|Win32
		{55858F82-54E9-409E-9DBF-49CE9EE6C149}.Debug|x86.Build.0 = Debug|Win32
		{55858F82-54E9-409E-9DBF-49CE9EE6C149}.Release|x64.ActiveCfg = Release|x64
		{55858F82-54E9-409E-9DBF-49CE9EE6C149}.Release|x64.Build.0 = Release|x64
		{55858F82-54E9-409E-9DBF-49CE9EE6C149}.Release|x86.ActiveCfg = Release|Win32
		{55858F82-54E9-409E-9DBF-49CE9EE6C149}.Release|x86.Build.0 = Release|Win32
	EndGlobalSection
	GlobalSection(SolutionProperties) = preSolution
		HideSolutionNode = FALSE
	EndGlobalSection
	GlobalSection(ExtensibilityGlobals) = postSolution
		SolutionGuid = {0654F4C4-861E-4E64-8B76-E0F577E1FB3C}
	EndGlobalSection
EndGlobal
